
Microsoft Visual Studio Solution File, Format Version 11.00
# Visual Studio 2010
Project("{FAE04EC0-301F-11D3-BF4B-00C04F79EFBC}") = "ClientRequestSoap", "ClientRequestSoap\ClientRequestSoap.csproj", "{0E6B25BD-41B7-40CB-B655-C1AD045645A2}"
EndProject
Global
	GlobalSection(SolutionConfigurationPlatforms) = preSolution
		Debug|Any CPU = Debug|Any CPU
		Release|Any CPU = Release|Any CPU
	EndGlobalSection
	GlobalSection(ProjectConfigurationPlatforms) = postSolution
		{0E6B25BD-41B7-40CB-B655-C1AD045645A2}.Debug|Any CPU.ActiveCfg = Debug|Any CPU
		{0E6B25BD-41B7-40CB-B655-C1AD045645A2}.Debug|Any CPU.Build.0 = Debug|Any CPU
		{0E6B25BD-41B7-40CB-B655-C1AD045645A2}.Release|Any CPU.ActiveCfg = Release|Any CPU
		{0E6B25BD-41B7-40CB-B655-C1AD045645A2}.Release|Any CPU.Build.0 = Release|Any CPU
	EndGlobalSection
	GlobalSection(SolutionProperties) = preSolution
		HideSolutionNode = FALSE
	EndGlobalSection
EndGlobal
